{
  "name": "transpiler",
  "version": "1.0.0",
  "lockfileVersion": 1,
  "requires": true,
  "dependencies": {
    "php-parser": {
      "version": "3.0.1",
      "resolved": "https://registry.npmjs.org/php-parser/-/php-parser-3.0.1.tgz",
      "integrity": "sha512-m6CBPHOoMkzEHoXG0rhEg/VegSNemUNQepHnYtrRgTAh8rsqoO65KqQ32KJ5xe2iplhO0jdwd1UJ9Ea0yHsgYQ=="
    },
    "php-unparser": {
      "version": "git+https://github.com/Sevavietl/php-unparser.git#c18e3c7cf230df7e2a1c655df4db56c10d0ca75b",
      "from": "git+https://github.com/Sevavietl/php-unparser.git"
    },
    "php-writer": {
      "version": "3.0.0",
      "resolved": "https://registry.npmjs.org/php-writer/-/php-writer-3.0.0.tgz",
      "integrity": "sha1-U6T06CX5jagRdApyCiOVkoKn6j8=",
      "requires": {
        "php-parser": "^2.1.0",
        "php-unparser": "git+https://github.com/Sevavietl/php-unparser.git"
      },
      "dependencies": {
        "php-parser": {
          "version": "2.2.0",
          "resolved": "https://registry.npmjs.org/php-parser/-/php-parser-2.2.0.tgz",
          "integrity": "sha1-ZzhPClkz2770C+qwqzHQuMWC/4g="
        }
      }
    }
  }
}
